# THIS IS AN AUTOGENERATED FILE. DO NOT EDIT THIS FILE DIRECTLY.
# yarn lockfile v1


"@peculiar/asn1-schema@^2.3.6":
  version "2.3.8"
  resolved "https://registry.npmjs.org/@peculiar/asn1-schema/-/asn1-schema-2.3.8.tgz"
  integrity sha512-ULB1XqHKx1WBU/tTFIA+uARuRoBVZ4pNdOA878RDrRbBfBGcSzi5HBkdScC6ZbHn8z7L8gmKCgPC1LHRrP46tA==
  dependencies:
    asn1js "^3.0.5"
    pvtsutils "^1.3.5"
    tslib "^2.6.2"

"@peculiar/json-schema@^1.1.12":
  version "1.1.12"
  resolved "https://registry.npmjs.org/@peculiar/json-schema/-/json-schema-1.1.12.tgz"
  integrity sha512-coUfuoMeIB7B8/NMekxaDzLhaYmp0HZNPEjYRm9goRou8UZIC3z21s0sL9AWoCw4EG876QyO3kYrc61WNF9B/w==
  dependencies:
    tslib "^2.0.0"

"@peculiar/webcrypto@^1.4.3":
  version "1.4.3"
  resolved "https://registry.npmjs.org/@peculiar/webcrypto/-/webcrypto-1.4.3.tgz"
  integrity sha512-VtaY4spKTdN5LjJ04im/d/joXuvLbQdgy5Z4DXF4MFZhQ+MTrejbNMkfZBp1Bs3O5+bFqnJgyGdPuZQflvIa5A==
  dependencies:
    "@peculiar/asn1-schema" "^2.3.6"
    "@peculiar/json-schema" "^1.1.12"
    pvtsutils "^1.3.2"
    tslib "^2.5.0"
    webcrypto-core "^1.7.7"

asn1js@^3.0.1, asn1js@^3.0.5:
  version "3.0.5"
  resolved "https://registry.npmjs.org/asn1js/-/asn1js-3.0.5.tgz"
  integrity sha512-FVnvrKJwpt9LP2lAMl8qZswRNm3T4q9CON+bxldk2iwk3FFpuwhx2FfinyitizWHsVYyaY+y5JzDR0rCMV5yTQ==
  dependencies:
    pvtsutils "^1.3.2"
    pvutils "^1.1.3"
    tslib "^2.4.0"

data-uri-to-buffer@^4.0.0:
  version "4.0.1"
  resolved "https://registry.npmjs.org/data-uri-to-buffer/-/data-uri-to-buffer-4.0.1.tgz"
  integrity sha512-0R9ikRb668HB7QDxT1vkpuUBtqc53YyAwMwGeUFKRojY/NWKvdZ+9UYtRfGmhqNbRkTSVpMbmyhXipFFv2cb/A==

fetch-blob@^3.1.2, fetch-blob@^3.1.4:
  version "3.2.0"
  resolved "https://registry.npmjs.org/fetch-blob/-/fetch-blob-3.2.0.tgz"
  integrity sha512-7yAQpD2UMJzLi1Dqv7qFYnPbaPx7ZfFK6PiIxQ4PfkGPyNyl2Ugx+a/umUonmKqjhM4DnfbMvdX6otXq83soQQ==
  dependencies:
    node-domexception "^1.0.0"
    web-streams-polyfill "^3.0.3"

formdata-polyfill@^4.0.10:
  version "4.0.10"
  resolved "https://registry.npmjs.org/formdata-polyfill/-/formdata-polyfill-4.0.10.tgz"
  integrity sha512-buewHzMvYL29jdeQTVILecSaZKnt/RJWjoZCF5OW60Z67/GmSLBkOFM7qh1PI3zFNtJbaZL5eQu1vLfazOwj4g==
  dependencies:
    fetch-blob "^3.1.2"

node-domexception@^1.0.0:
  version "1.0.0"
  resolved "https://registry.npmjs.org/node-domexception/-/node-domexception-1.0.0.tgz"
  integrity sha512-/jKZoMpw0F8GRwl4/eLROPA3cfcXtLApP0QzLmUT/HuPCZWyB7IY9ZrMeKw2O/nFIqPQB3PVM9aYm0F312AXDQ==

node-fetch@^3.3.2:
  version "3.3.2"
  resolved "https://registry.npmjs.org/node-fetch/-/node-fetch-3.3.2.tgz"
  integrity sha512-dRB78srN/l6gqWulah9SrxeYnxeddIG30+GOqK/9OlLVyLg3HPnr6SqOWTWOXKRwC2eGYCkZ59NNuSgvSrpgOA==
  dependencies:
    data-uri-to-buffer "^4.0.0"
    fetch-blob "^3.1.4"
    formdata-polyfill "^4.0.10"

pvtsutils@^1.3.2, pvtsutils@^1.3.5:
  version "1.3.5"
  resolved "https://registry.npmjs.org/pvtsutils/-/pvtsutils-1.3.5.tgz"
  integrity sha512-ARvb14YB9Nm2Xi6nBq1ZX6dAM0FsJnuk+31aUp4TrcZEdKUlSqOqsxJHUPJDNE3qiIp+iUPEIeR6Je/tgV7zsA==
  dependencies:
    tslib "^2.6.1"

pvutils@^1.1.3:
  version "1.1.3"
  resolved "https://registry.npmjs.org/pvutils/-/pvutils-1.1.3.tgz"
  integrity sha512-pMpnA0qRdFp32b1sJl1wOJNxZLQ2cbQx+k6tjNtZ8CpvVhNqEPRgivZ2WOUev2YMajecdH7ctUPDvEe87nariQ==

tslib@^2.0.0, tslib@^2.4.0, tslib@^2.5.0, tslib@^2.6.1, tslib@^2.6.2:
  version "2.6.2"
  resolved "https://registry.npmjs.org/tslib/-/tslib-2.6.2.tgz"
  integrity sha512-AEYxH93jGFPn/a2iVAwW87VuUIkR1FVUKB77NwMF7nBTDkDrrT/Hpt/IrCJ0QXhW27jTBDcf5ZY7w6RiqTMw2Q==

web-streams-polyfill@^3.0.3:
  version "3.2.1"
  resolved "https://registry.npmjs.org/web-streams-polyfill/-/web-streams-polyfill-3.2.1.tgz"
  integrity sha512-e0MO3wdXWKrLbL0DgGnUV7WHVuw9OUvL4hjgnPkIeEvESk74gAITi5G606JtZPp39cd8HA9VQzCIvA49LpPN5Q==

webcrypto-core@^1.7.7:
  version "1.7.7"
  resolved "https://registry.npmjs.org/webcrypto-core/-/webcrypto-core-1.7.7.tgz"
  integrity sha512-7FjigXNsBfopEj+5DV2nhNpfic2vumtjjgPmeDKk45z+MJwXKKfhPB7118Pfzrmh4jqOMST6Ch37iPAHoImg5g==
  dependencies:
    "@peculiar/asn1-schema" "^2.3.6"
    "@peculiar/json-schema" "^1.1.12"
    asn1js "^3.0.1"
    pvtsutils "^1.3.2"
    tslib "^2.4.0"

ws@^8.14.2:
  version "8.14.2"
  resolved "https://registry.npmjs.org/ws/-/ws-8.14.2.tgz"
  integrity sha512-wEBG1ftX4jcglPxgFCMJmZ2PLtSbJ2Peg6TmpJFTbe9GZYOQCDPdMYu/Tm0/bGZkw8paZnJY45J4K2PZrLYq8g==
